
Microsoft Visual Studio Solution File, Format Version 12.00
# Visual Studio Version 16
VisualStudioVersion = 16.0.31205.134
MinimumVisualStudioVersion = 10.0.40219.1
Project("{FAE04EC0-301F-11D3-BF4B-00C04F79EFBC}") = "Wallfl0w3r", "Wallfl0w3r\Wallfl0w3r.csproj", "{6E2E8A36-6C2B-4DEB-9F5D-FED714E70D51}"
EndProject
Global
	GlobalSection(SolutionConfigurationPlatforms) = preSolution
		Debug|Any CPU = Debug|Any CPU
		Release|Any CPU = Release|Any CPU
	EndGlobalSection
	GlobalSection(ProjectConfigurationPlatforms) = postSolution
		{6E2E8A36-6C2B-4DEB-9F5D-FED714E70D51}.Debug|Any CPU.ActiveCfg = Debug|Any CPU
		{6E2E8A36-6C2B-4DEB-9F5D-FED714E70D51}.Debug|Any CPU.Build.0 = Debug|Any CPU
		{6E2E8A36-6C2B-4DEB-9F5D-FED714E70D51}.Release|Any CPU.ActiveCfg = Release|Any CPU
		{6E2E8A36-6C2B-4DEB-9F5D-FED714E70D51}.Release|Any CPU.Build.0 = Release|Any CPU
	EndGlobalSection
	GlobalSection(SolutionProperties) = preSolution
		HideSolutionNode = FALSE
	EndGlobalSection
	GlobalSection(ExtensibilityGlobals) = postSolution
		SolutionGuid = {D0E7481F-6940-43AB-9A37-2585B142B8D6}
	EndGlobalSection
EndGlobal
